
Microsoft Visual Studio Solution File, Format Version 12.00
# Visual Studio Version 17
VisualStudioVersion = 17.7.34031.279
MinimumVisualStudioVersion = 10.0.40219.1
Project("{8BC9CEB8-8B4A-11D0-8D11-00A0C91BC942}") = "Optimal Partition of String", "Optimal Partition of String.vcxproj", "{304DCDAA-7D25-474A-8E71-FB18BBEABB81}"
EndProject
Global
	GlobalSection(SolutionConfigurationPlatforms) = preSolution
		Debug|x64 = Debug|x64
		Debug|x86 = Debug|x86
		Release|x64 = Release|x64
		Release|x86 = Release|x86
	EndGlobalSection
	GlobalSection(ProjectConfigurationPlatforms) = postSolution
		{304DCDAA-7D25-474A-8E71-FB18BBEABB81}.Debug|x64.ActiveCfg = Debug|x64
		{304DCDAA-7D25-474A-8E71-FB18BBEABB81}.Debug|x64.Build.0 = Debug|x64
		{304DCDAA-7D25-474A-8E71-FB18BBEABB81}.Debug|x86.ActiveCfg = Debug|Win32
		{304DCDAA-7D25-474A-8E71-FB18BBEABB81}.Debug|x86.Build.0 = Debug|Win32
		{304DCDAA-7D25-474A-8E71-FB18BBEABB81}.Release|x64.ActiveCfg = Release|x64
		{304DCDAA-7D25-474A-8E71-FB18BBEABB81}.Release|x64.Build.0 = Release|x64
		{304DCDAA-7D25-474A-8E71-FB18BBEABB81}.Release|x86.ActiveCfg = Release|Win32
		{304DCDAA-7D25-474A-8E71-FB18BBEABB81}.Release|x86.Build.0 = Release|Win32
	EndGlobalSection
	GlobalSection(SolutionProperties) = preSolution
		HideSolutionNode = FALSE
	EndGlobalSection
	GlobalSection(ExtensibilityGlobals) = postSolution
		SolutionGuid = {927727A3-3CC5-4738-8FE4-7412E182A2F2}
	EndGlobalSection
EndGlobal
